
Microsoft Visual Studio Solution File, Format Version 12.00
# Visual Studio Version 17
VisualStudioVersion = 17.4.33213.308
MinimumVisualStudioVersion = 10.0.40219.1
Project("{FAE04EC0-301F-11D3-BF4B-00C04F79EFBC}") = "WarehouseAndSales", "WarehouseAndSales\WarehouseAndSales.csproj", "{AAE44C9D-3EF8-4F22-AE6E-4479B33282E5}"
EndProject
Global
	GlobalSection(SolutionConfigurationPlatforms) = preSolution
		Debug|Any CPU = Debug|Any CPU
		Release|Any CPU = Release|Any CPU
	EndGlobalSection
	GlobalSection(ProjectConfigurationPlatforms) = postSolution
		{AAE44C9D-3EF8-4F22-AE6E-4479B33282E5}.Debug|Any CPU.ActiveCfg = Debug|Any CPU
		{AAE44C9D-3EF8-4F22-AE6E-4479B33282E5}.Debug|Any CPU.Build.0 = Debug|Any CPU
		{AAE44C9D-3EF8-4F22-AE6E-4479B33282E5}.Release|Any CPU.ActiveCfg = Release|Any CPU
		{AAE44C9D-3EF8-4F22-AE6E-4479B33282E5}.Release|Any CPU.Build.0 = Release|Any CPU
	EndGlobalSection
	GlobalSection(SolutionProperties) = preSolution
		HideSolutionNode = FALSE
	EndGlobalSection
	GlobalSection(ExtensibilityGlobals) = postSolution
		SolutionGuid = {215B46ED-6F35-4D33-B612-8434518D7415}
	EndGlobalSection
EndGlobal
